Microsoft Visual Studio Solution File, Format Version 11.00
# Visual Studio 2008

Project("{78414B72-42C9-DFE3-D927-1954E30F6A3E}") = "New Unity Project 8", "Assembly-CSharp-firstpass.csproj", "{787695E4-BA59-FFAE-5C41-E67195D0D020}"
EndProject
Project("{78414B72-42C9-DFE3-D927-1954E30F6A3E}") = "New Unity Project 8", "Assembly-CSharp.csproj", "{072146A1-9C72-612A-2838-5169333841CB}"
EndProject
Project("{78414B72-42C9-DFE3-D927-1954E30F6A3E}") = "New Unity Project 8", "Assembly-UnityScript-firstpass.unityproj", "{014BE77E-39BE-4EA8-0C98-9E064EE8DD9C}"
EndProject
Project("{78414B72-42C9-DFE3-D927-1954E30F6A3E}") = "New Unity Project 8", "Assembly-UnityScript.unityproj", "{3532F3A8-0464-61CF-1A5B-DD0AE02F2266}"
EndProject
Global
	GlobalSection(SolutionConfigurationPlatforms) = preSolution
		Debug|Any CPU = Debug|Any CPU
		Release|Any CPU = Release|Any CPU
	EndGlobalSection
	GlobalSection(ProjectConfigurationPlatforms) = postSolution
		{787695E4-BA59-FFAE-5C41-E67195D0D020}.Debug|Any CPU.ActiveCfg = Debug|Any CPU
		{787695E4-BA59-FFAE-5C41-E67195D0D020}.Debug|Any CPU.Build.0 = Debug|Any CPU
		{787695E4-BA59-FFAE-5C41-E67195D0D020}.Release|Any CPU.ActiveCfg = Release|Any CPU
		{787695E4-BA59-FFAE-5C41-E67195D0D020}.Release|Any CPU.Build.0 = Release|Any CPU
		{072146A1-9C72-612A-2838-5169333841CB}.Debug|Any CPU.ActiveCfg = Debug|Any CPU
		{072146A1-9C72-612A-2838-5169333841CB}.Debug|Any CPU.Build.0 = Debug|Any CPU
		{072146A1-9C72-612A-2838-5169333841CB}.Release|Any CPU.ActiveCfg = Release|Any CPU
		{072146A1-9C72-612A-2838-5169333841CB}.Release|Any CPU.Build.0 = Release|Any CPU
		{014BE77E-39BE-4EA8-0C98-9E064EE8DD9C}.Debug|Any CPU.ActiveCfg = Debug|Any CPU
		{014BE77E-39BE-4EA8-0C98-9E064EE8DD9C}.Debug|Any CPU.Build.0 = Debug|Any CPU
		{014BE77E-39BE-4EA8-0C98-9E064EE8DD9C}.Release|Any CPU.ActiveCfg = Release|Any CPU
		{014BE77E-39BE-4EA8-0C98-9E064EE8DD9C}.Release|Any CPU.Build.0 = Release|Any CPU
		{3532F3A8-0464-61CF-1A5B-DD0AE02F2266}.Debug|Any CPU.ActiveCfg = Debug|Any CPU
		{3532F3A8-0464-61CF-1A5B-DD0AE02F2266}.Debug|Any CPU.Build.0 = Debug|Any CPU
		{3532F3A8-0464-61CF-1A5B-DD0AE02F2266}.Release|Any CPU.ActiveCfg = Release|Any CPU
		{3532F3A8-0464-61CF-1A5B-DD0AE02F2266}.Release|Any CPU.Build.0 = Release|Any CPU
	EndGlobalSection
	GlobalSection(SolutionProperties) = preSolution
		HideSolutionNode = FALSE
	EndGlobalSection
																																	GlobalSection(MonoDevelopProperties) = preSolution
		StartupItem = Assembly-CSharp.csproj
		Policies = $0
		$0.TextStylePolicy = $1
		$1.inheritsSet = null
		$1.scope = text/x-csharp
		$0.CSharpFormattingPolicy = $2
		$2.inheritsSet = Mono
		$2.inheritsScope = text/x-csharp
		$2.scope = text/x-csharp
		$0.TextStylePolicy = $3
		$3.FileWidth = 120
		$3.TabWidth = 4
		$3.EolMarker = Unix
		$3.inheritsSet = Mono
		$3.inheritsScope = text/plain
		$3.scope = text/plain
	EndGlobalSection

EndGlobal
